
Microsoft Visual Studio Solution File, Format Version 12.00
# Visual Studio 14
VisualStudioVersion = 14.0.25420.1
MinimumVisualStudioVersion = 10.0.40219.1
Project("{FAE04EC0-301F-11D3-BF4B-00C04F79EFBC}") = "PracticeProject", "PracticeProject\PracticeProject.csproj", "{CCE8CD1D-6F7F-46DE-A16E-0213385812BD}"
EndProject
Project("{FAE04EC0-301F-11D3-BF4B-00C04F79EFBC}") = "PracticeProject.Test.Unit", "PracticeProject.Test.Unit\PracticeProject.Test.Unit.csproj", "{6744F573-CBB3-437F-953E-E3DBD4BE2784}"
EndProject
Global
	GlobalSection(SolutionConfigurationPlatforms) = preSolution
		Debug|Any CPU = Debug|Any CPU
		Debug|x86 = Debug|x86
		Release|Any CPU = Release|Any CPU
		Release|x86 = Release|x86
	EndGlobalSection
	GlobalSection(ProjectConfigurationPlatforms) = postSolution
		{CCE8CD1D-6F7F-46DE-A16E-0213385812BD}.Debug|Any CPU.ActiveCfg = Debug|Any CPU
		{CCE8CD1D-6F7F-46DE-A16E-0213385812BD}.Debug|Any CPU.Build.0 = Debug|Any CPU
		{CCE8CD1D-6F7F-46DE-A16E-0213385812BD}.Debug|x86.ActiveCfg = Debug|Any CPU
		{CCE8CD1D-6F7F-46DE-A16E-0213385812BD}.Debug|x86.Build.0 = Debug|Any CPU
		{CCE8CD1D-6F7F-46DE-A16E-0213385812BD}.Release|Any CPU.ActiveCfg = Release|Any CPU
		{CCE8CD1D-6F7F-46DE-A16E-0213385812BD}.Release|Any CPU.Build.0 = Release|Any CPU
		{CCE8CD1D-6F7F-46DE-A16E-0213385812BD}.Release|x86.ActiveCfg = Release|Any CPU
		{CCE8CD1D-6F7F-46DE-A16E-0213385812BD}.Release|x86.Build.0 = Release|Any CPU
		{6744F573-CBB3-437F-953E-E3DBD4BE2784}.Debug|Any CPU.ActiveCfg = Debug|Any CPU
		{6744F573-CBB3-437F-953E-E3DBD4BE2784}.Debug|Any CPU.Build.0 = Debug|Any CPU
		{6744F573-CBB3-437F-953E-E3DBD4BE2784}.Debug|x86.ActiveCfg = Debug|Any CPU
		{6744F573-CBB3-437F-953E-E3DBD4BE2784}.Debug|x86.Build.0 = Debug|Any CPU
		{6744F573-CBB3-437F-953E-E3DBD4BE2784}.Release|Any CPU.ActiveCfg = Release|Any CPU
		{6744F573-CBB3-437F-953E-E3DBD4BE2784}.Release|Any CPU.Build.0 = Release|Any CPU
		{6744F573-CBB3-437F-953E-E3DBD4BE2784}.Release|x86.ActiveCfg = Release|Any CPU
		{6744F573-CBB3-437F-953E-E3DBD4BE2784}.Release|x86.Build.0 = Release|Any CPU
	EndGlobalSection
	GlobalSection(SolutionProperties) = preSolution
		HideSolutionNode = FALSE
	EndGlobalSection
EndGlobal
